
Microsoft Visual Studio Solution File, Format Version 12.00
# Visual Studio Version 17
VisualStudioVersion = 17.3.32929.385
MinimumVisualStudioVersion = 10.0.40219.1
Project("{9A19103F-16F7-4668-BE54-9A1E7A4F7556}") = "PracticeProject1", "ConsoleApp1\PracticeProject1.csproj", "{B712AC0D-AC6D-4B24-B5DA-5F365680EECE}"
EndProject
Project("{9A19103F-16F7-4668-BE54-9A1E7A4F7556}") = "PracticeProject2", "..\PracticeProject\PracticeProject\PracticeProject2.csproj", "{EE2F0F5B-8547-4C80-9994-245C5073860F}"
EndProject
Global
	GlobalSection(SolutionConfigurationPlatforms) = preSolution
		Debug|Any CPU = Debug|Any CPU
		Release|Any CPU = Release|Any CPU
	EndGlobalSection
	GlobalSection(ProjectConfigurationPlatforms) = postSolution
		{B712AC0D-AC6D-4B24-B5DA-5F365680EECE}.Debug|Any CPU.ActiveCfg = Debug|Any CPU
		{B712AC0D-AC6D-4B24-B5DA-5F365680EECE}.Debug|Any CPU.Build.0 = Debug|Any CPU
		{B712AC0D-AC6D-4B24-B5DA-5F365680EECE}.Release|Any CPU.ActiveCfg = Release|Any CPU
		{B712AC0D-AC6D-4B24-B5DA-5F365680EECE}.Release|Any CPU.Build.0 = Release|Any CPU
		{EE2F0F5B-8547-4C80-9994-245C5073860F}.Debug|Any CPU.ActiveCfg = Debug|Any CPU
		{EE2F0F5B-8547-4C80-9994-245C5073860F}.Debug|Any CPU.Build.0 = Debug|Any CPU
		{EE2F0F5B-8547-4C80-9994-245C5073860F}.Release|Any CPU.ActiveCfg = Release|Any CPU
		{EE2F0F5B-8547-4C80-9994-245C5073860F}.Release|Any CPU.Build.0 = Release|Any CPU
	EndGlobalSection
	GlobalSection(SolutionProperties) = preSolution
		HideSolutionNode = FALSE
	EndGlobalSection
	GlobalSection(ExtensibilityGlobals) = postSolution
		SolutionGuid = {17F94E70-BF54-4B4A-8C3D-12B007FA9AFB}
	EndGlobalSection
EndGlobal
